
Microsoft Visual Studio Solution File, Format Version 12.00
# Visual Studio Version 16
VisualStudioVersion = 16.0.31613.86
MinimumVisualStudioVersion = 10.0.40219.1
Project("{8BC9CEB8-8B4A-11D0-8D11-00A0C91BC942}") = "U4E2", "U4E2\U4E2.vcxproj", "{CF8BD447-8B94-4596-A23F-9ABA8D885C15}"
EndProject
Global
	GlobalSection(SolutionConfigurationPlatforms) = preSolution
		Debug|x64 = Debug|x64
		Debug|x86 = Debug|x86
		Release|x64 = Release|x64
		Release|x86 = Release|x86
	EndGlobalSection
	GlobalSection(ProjectConfigurationPlatforms) = postSolution
		{CF8BD447-8B94-4596-A23F-9ABA8D885C15}.Debug|x64.ActiveCfg = Debug|x64
		{CF8BD447-8B94-4596-A23F-9ABA8D885C15}.Debug|x64.Build.0 = Debug|x64
		{CF8BD447-8B94-4596-A23F-9ABA8D885C15}.Debug|x86.ActiveCfg = Debug|Win32
		{CF8BD447-8B94-4596-A23F-9ABA8D885C15}.Debug|x86.Build.0 = Debug|Win32
		{CF8BD447-8B94-4596-A23F-9ABA8D885C15}.Release|x64.ActiveCfg = Release|x64
		{CF8BD447-8B94-4596-A23F-9ABA8D885C15}.Release|x64.Build.0 = Release|x64
		{CF8BD447-8B94-4596-A23F-9ABA8D885C15}.Release|x86.ActiveCfg = Release|Win32
		{CF8BD447-8B94-4596-A23F-9ABA8D885C15}.Release|x86.Build.0 = Release|Win32
	EndGlobalSection
	GlobalSection(SolutionProperties) = preSolution
		HideSolutionNode = FALSE
	EndGlobalSection
	GlobalSection(ExtensibilityGlobals) = postSolution
		SolutionGuid = {16E47C88-2EB7-4B75-B520-609BAA9E25CF}
	EndGlobalSection
EndGlobal
