
Microsoft Visual Studio Solution File, Format Version 12.00
# Visual Studio Version 16
VisualStudioVersion = 16.0.31613.86
MinimumVisualStudioVersion = 10.0.40219.1
Project("{8BC9CEB8-8B4A-11D0-8D11-00A0C91BC942}") = "templates", "templates\templates.vcxproj", "{E9E2F5DD-B4C8-4F11-84E0-3F64B4C8698D}"
EndProject
Global
	GlobalSection(SolutionConfigurationPlatforms) = preSolution
		Debug|x64 = Debug|x64
		Debug|x86 = Debug|x86
		Release|x64 = Release|x64
		Release|x86 = Release|x86
	EndGlobalSection
	GlobalSection(ProjectConfigurationPlatforms) = postSolution
		{E9E2F5DD-B4C8-4F11-84E0-3F64B4C8698D}.Debug|x64.ActiveCfg = Debug|x64
		{E9E2F5DD-B4C8-4F11-84E0-3F64B4C8698D}.Debug|x64.Build.0 = Debug|x64
		{E9E2F5DD-B4C8-4F11-84E0-3F64B4C8698D}.Debug|x86.ActiveCfg = Debug|Win32
		{E9E2F5DD-B4C8-4F11-84E0-3F64B4C8698D}.Debug|x86.Build.0 = Debug|Win32
		{E9E2F5DD-B4C8-4F11-84E0-3F64B4C8698D}.Release|x64.ActiveCfg = Release|x64
		{E9E2F5DD-B4C8-4F11-84E0-3F64B4C8698D}.Release|x64.Build.0 = Release|x64
		{E9E2F5DD-B4C8-4F11-84E0-3F64B4C8698D}.Release|x86.ActiveCfg = Release|Win32
		{E9E2F5DD-B4C8-4F11-84E0-3F64B4C8698D}.Release|x86.Build.0 = Release|Win32
	EndGlobalSection
	GlobalSection(SolutionProperties) = preSolution
		HideSolutionNode = FALSE
	EndGlobalSection
	GlobalSection(ExtensibilityGlobals) = postSolution
		SolutionGuid = {58F9F733-AD31-4728-A54E-87ACA31FCDDA}
	EndGlobalSection
EndGlobal
